
Microsoft Visual Studio Solution File, Format Version 12.00
# Visual Studio Version 17
VisualStudioVersion = 17.0.31903.59
MinimumVisualStudioVersion = 10.0.40219.1
Project("{2150E333-8FDC-42A3-9474-1A3956D46DE8}") = "src", "src", "{84062147-4B7A-4A95-B8EF-2EA6C43EF055}"
EndProject
Project("{2150E333-8FDC-42A3-9474-1A3956D46DE8}") = "ai", "ai", "{1CB86F9E-F232-4CF0-8AC8-AFA23A3F6C6C}"
EndProject
Project("{FAE04EC0-301F-11D3-BF4B-00C04F79EFBC}") = "HELIOS.AIHub", "src\ai\HELIOS.AIHub\HELIOS.AIHub.csproj", "{635F799D-EF30-473E-900E-A3FDBA686219}"
EndProject
Project("{FAE04EC0-301F-11D3-BF4B-00C04F79EFBC}") = "HELIOS.AIHub.Cli", "src\ai\HELIOS.AIHub.Cli\HELIOS.AIHub.Cli.csproj", "{98C1F77C-D8E7-4966-AF3E-B026C60C11ED}"
EndProject
Project("{2150E333-8FDC-42A3-9474-1A3956D46DE8}") = "mcp", "mcp", "{0E73B9F4-EC23-49E1-A2B6-FB9ABBB256FB}"
EndProject
Project("{FAE04EC0-301F-11D3-BF4B-00C04F79EFBC}") = "HELIOS.Mcp", "src\mcp\HELIOS.Mcp\HELIOS.Mcp.csproj", "{742DD4FC-716E-4C91-ABA0-BA1F42DD7BA5}"
EndProject
Project("{2150E333-8FDC-42A3-9474-1A3956D46DE8}") = "tests", "tests", "{84A33CD1-0B8C-4371-9E31-2E97A8DC7BCE}"
EndProject
Project("{FAE04EC0-301F-11D3-BF4B-00C04F79EFBC}") = "HELIOS.AIHub.Tests", "tests\HELIOS.AIHub.Tests\HELIOS.AIHub.Tests.csproj", "{C769099E-F44D-496C-890C-22DACA546DAB}"
EndProject
Project("{F2A71F9B-5D33-465A-A702-920D77279786}") = "HELIOS.AIHub.Domain", "src\ai\HELIOS.AIHub.Domain\HELIOS.AIHub.Domain.fsproj", "{D151E07D-41E1-4083-97EB-7BE8754B9E2C}"
EndProject
Global
	GlobalSection(SolutionConfigurationPlatforms) = preSolution
		Debug|Any CPU = Debug|Any CPU
		Release|Any CPU = Release|Any CPU
	EndGlobalSection
	GlobalSection(SolutionProperties) = preSolution
		HideSolutionNode = FALSE
	EndGlobalSection
	GlobalSection(ProjectConfigurationPlatforms) = postSolution
		{635F799D-EF30-473E-900E-A3FDBA686219}.Debug|Any CPU.ActiveCfg = Debug|Any CPU
		{635F799D-EF30-473E-900E-A3FDBA686219}.Debug|Any CPU.Build.0 = Debug|Any CPU
		{635F799D-EF30-473E-900E-A3FDBA686219}.Release|Any CPU.ActiveCfg = Release|Any CPU
		{635F799D-EF30-473E-900E-A3FDBA686219}.Release|Any CPU.Build.0 = Release|Any CPU
		{98C1F77C-D8E7-4966-AF3E-B026C60C11ED}.Debug|Any CPU.ActiveCfg = Debug|Any CPU
		{98C1F77C-D8E7-4966-AF3E-B026C60C11ED}.Debug|Any CPU.Build.0 = Debug|Any CPU
		{98C1F77C-D8E7-4966-AF3E-B026C60C11ED}.Release|Any CPU.ActiveCfg = Release|Any CPU
		{98C1F77C-D8E7-4966-AF3E-B026C60C11ED}.Release|Any CPU.Build.0 = Release|Any CPU
		{742DD4FC-716E-4C91-ABA0-BA1F42DD7BA5}.Debug|Any CPU.ActiveCfg = Debug|Any CPU
		{742DD4FC-716E-4C91-ABA0-BA1F42DD7BA5}.Debug|Any CPU.Build.0 = Debug|Any CPU
		{742DD4FC-716E-4C91-ABA0-BA1F42DD7BA5}.Release|Any CPU.ActiveCfg = Release|Any CPU
		{742DD4FC-716E-4C91-ABA0-BA1F42DD7BA5}.Release|Any CPU.Build.0 = Release|Any CPU
		{C769099E-F44D-496C-890C-22DACA546DAB}.Debug|Any CPU.ActiveCfg = Debug|Any CPU
		{C769099E-F44D-496C-890C-22DACA546DAB}.Debug|Any CPU.Build.0 = Debug|Any CPU
		{C769099E-F44D-496C-890C-22DACA546DAB}.Release|Any CPU.ActiveCfg = Release|Any CPU
		{C769099E-F44D-496C-890C-22DACA546DAB}.Release|Any CPU.Build.0 = Release|Any CPU
		{D151E07D-41E1-4083-97EB-7BE8754B9E2C}.Debug|Any CPU.ActiveCfg = Debug|Any CPU
		{D151E07D-41E1-4083-97EB-7BE8754B9E2C}.Debug|Any CPU.Build.0 = Debug|Any CPU
		{D151E07D-41E1-4083-97EB-7BE8754B9E2C}.Release|Any CPU.ActiveCfg = Release|Any CPU
		{D151E07D-41E1-4083-97EB-7BE8754B9E2C}.Release|Any CPU.Build.0 = Release|Any CPU
	EndGlobalSection
	GlobalSection(NestedProjects) = preSolution
		{1CB86F9E-F232-4CF0-8AC8-AFA23A3F6C6C} = {84062147-4B7A-4A95-B8EF-2EA6C43EF055}
		{635F799D-EF30-473E-900E-A3FDBA686219} = {1CB86F9E-F232-4CF0-8AC8-AFA23A3F6C6C}
		{98C1F77C-D8E7-4966-AF3E-B026C60C11ED} = {1CB86F9E-F232-4CF0-8AC8-AFA23A3F6C6C}
		{0E73B9F4-EC23-49E1-A2B6-FB9ABBB256FB} = {84062147-4B7A-4A95-B8EF-2EA6C43EF055}
		{742DD4FC-716E-4C91-ABA0-BA1F42DD7BA5} = {0E73B9F4-EC23-49E1-A2B6-FB9ABBB256FB}
		{C769099E-F44D-496C-890C-22DACA546DAB} = {84A33CD1-0B8C-4371-9E31-2E97A8DC7BCE}
		{D151E07D-41E1-4083-97EB-7BE8754B9E2C} = {1CB86F9E-F232-4CF0-8AC8-AFA23A3F6C6C}
	EndGlobalSection
EndGlobal
